
Microsoft Visual Studio Solution File, Format Version 12.00
# Visual Studio 15
VisualStudioVersion = 15.0.28010.2036
MinimumVisualStudioVersion = 10.0.40219.1
Project("{9A19103F-16F7-4668-BE54-9A1E7A4F7556}") = "Template.WebApi", "Template.WebApi\Template.WebApi.csproj", "{239C4992-59FC-4423-9E2C-09BB618F7407}"
EndProject
Project("{9A19103F-16F7-4668-BE54-9A1E7A4F7556}") = "Template.Infrastructure", "Template.Infrastructure\Template.Infrastructure.csproj", "{2305FF86-4A5B-4BB6-89B9-D599C915A2C3}"
EndProject
Project("{FAE04EC0-301F-11D3-BF4B-00C04F79EFBC}") = "Template.Core", "Template.Core\Template.Core.csproj", "{8C21FAC4-F42D-4081-B026-A3069591E0A1}"
EndProject
Global
	GlobalSection(SolutionConfigurationPlatforms) = preSolution
		Debug|Any CPU = Debug|Any CPU
		Release|Any CPU = Release|Any CPU
	EndGlobalSection
	GlobalSection(ProjectConfigurationPlatforms) = postSolution
		{239C4992-59FC-4423-9E2C-09BB618F7407}.Debug|Any CPU.ActiveCfg = Debug|Any CPU
		{239C4992-59FC-4423-9E2C-09BB618F7407}.Debug|Any CPU.Build.0 = Debug|Any CPU
		{239C4992-59FC-4423-9E2C-09BB618F7407}.Release|Any CPU.ActiveCfg = Release|Any CPU
		{239C4992-59FC-4423-9E2C-09BB618F7407}.Release|Any CPU.Build.0 = Release|Any CPU
		{2305FF86-4A5B-4BB6-89B9-D599C915A2C3}.Debug|Any CPU.ActiveCfg = Debug|Any CPU
		{2305FF86-4A5B-4BB6-89B9-D599C915A2C3}.Debug|Any CPU.Build.0 = Debug|Any CPU
		{2305FF86-4A5B-4BB6-89B9-D599C915A2C3}.Release|Any CPU.ActiveCfg = Release|Any CPU
		{2305FF86-4A5B-4BB6-89B9-D599C915A2C3}.Release|Any CPU.Build.0 = Release|Any CPU
		{8C21FAC4-F42D-4081-B026-A3069591E0A1}.Debug|Any CPU.ActiveCfg = Debug|Any CPU
		{8C21FAC4-F42D-4081-B026-A3069591E0A1}.Debug|Any CPU.Build.0 = Debug|Any CPU
		{8C21FAC4-F42D-4081-B026-A3069591E0A1}.Release|Any CPU.ActiveCfg = Release|Any CPU
		{8C21FAC4-F42D-4081-B026-A3069591E0A1}.Release|Any CPU.Build.0 = Release|Any CPU
	EndGlobalSection
	GlobalSection(SolutionProperties) = preSolution
		HideSolutionNode = FALSE
	EndGlobalSection
	GlobalSection(ExtensibilityGlobals) = postSolution
		SolutionGuid = {3DA079C8-1BE0-481D-AA08-7D5EE20A3D3C}
	EndGlobalSection
EndGlobal
